{
  "object": {
    "pins": [
      {
        "package": "Kingfisher",
        "repositoryURL": "https://github.com/onevcat/Kingfisher.git",
        "state": {
          "branch": null,
          "revision": "d06df9adf50ed8cde5786d935836a5f445f780ba",
          "version": "6.3.1"
        }
      },
      {
        "package": "Resolver",
        "repositoryURL": "https://github.com/hmlongco/Resolver.git",
        "state": {
          "branch": null,
          "revision": "609908e0b67911ebf7386609552a48d4ec07958e",
          "version": "1.4.4"
        }
      },
      {
        "package": "SwiftHelpers",
        "repositoryURL": "https://github.com/aksza512/SwiftHelpers.git",
        "state": {
          "branch": "master",
          "revision": "4756a03d5aa248e4aff2357107fcdc94e1f832d9",
          "version": null
        }
      }
    ]
  },
  "version": 1
}
